Microsoft Visual Studio Solution File, Format Version 11.00
# Visual Studio 2008

Project("{349C85AA-E1D7-1151-C001-702F17A2B5F0}") = "proto", "Assembly-CSharp.csproj", "{C5D46C90-9AD4-70D9-4F16-CB7615D21947}"
EndProject
Global
	GlobalSection(SolutionConfigurationPlatforms) = preSolution
		Debug|Any CPU = Debug|Any CPU
		Release|Any CPU = Release|Any CPU
	EndGlobalSection
	GlobalSection(ProjectConfigurationPlatforms) = postSolution
		{C5D46C90-9AD4-70D9-4F16-CB7615D21947}.Debug|Any CPU.ActiveCfg = Debug|Any CPU
		{C5D46C90-9AD4-70D9-4F16-CB7615D21947}.Debug|Any CPU.Build.0 = Debug|Any CPU
		{C5D46C90-9AD4-70D9-4F16-CB7615D21947}.Release|Any CPU.ActiveCfg = Release|Any CPU
		{C5D46C90-9AD4-70D9-4F16-CB7615D21947}.Release|Any CPU.Build.0 = Release|Any CPU
	EndGlobalSection
	GlobalSection(SolutionProperties) = preSolution
		HideSolutionNode = FALSE
	EndGlobalSection
	GlobalSection(MonoDevelopProperties) = preSolution
		StartupItem = Assembly-CSharp.csproj
	EndGlobalSection
EndGlobal
